// !$*UTF8*$!
{
	archiveVersion = 1;
	classes = {
	};
	objectVersion = 50;
	objects = {

/* Begin PBXBuildFile section */
		A8745F2D20B4B144001451AB /* AppDelegate.swift in Sources */ = {isa = PBXBuildFile; fileRef = A8745F2C20B4B144001451AB /* AppDelegate.swift */; };
		A8745F3220B4B144001451AB /* Main.storyboard in Resources */ = {isa = PBXBuildFile; fileRef = A8745F3020B4B144001451AB /* Main.storyboard */; };
		A8745F3420B4B146001451AB /* Assets.xcassets in Resources */ = {isa = PBXBuildFile; fileRef = A8745F3320B4B146001451AB /* Assets.xcassets */; };
		A8745F3720B4B146001451AB /* LaunchScreen.storyboard in Resources */ = {isa = PBXBuildFile; fileRef = A8745F3520B4B146001451AB /* LaunchScreen.storyboard */; };
		A8745F3F20B51BD6001451AB /* DailyViewController.swift in Sources */ = {isa = PBXBuildFile; fileRef = A8745F3E20B51BD6001451AB /* DailyViewController.swift */; };
		A8EFEB7620B52DC7000B7EAF /* ToDoController.swift in Sources */ = {isa = PBXBuildFile; fileRef = A8EFEB7520B52DC7000B7EAF /* ToDoController.swift */; };
		A8EFEB7820B52DD4000B7EAF /* ToDo.swift in Sources */ = {isa = PBXBuildFile; fileRef = A8EFEB7720B52DD4000B7EAF /* ToDo.swift */; };
		A8EFEB7A20B602C9000B7EAF /* ToDoCell.swift in Sources */ = {isa = PBXBuildFile; fileRef = A8EFEB7920B602C9000B7EAF /* ToDoCell.swift */; };
		A8EFEB7E20B74BF2000B7EAF /* CloudKit.framework in Frameworks */ = {isa = PBXBuildFile; fileRef = A8EFEB7D20B74BF2000B7EAF /* CloudKit.framework */; };
		A8EFEB8620B7B8BE000B7EAF /* PickADateViewController.swift in Sources */ = {isa = PBXBuildFile; fileRef = A8EFEB8520B7B8BE000B7EAF /* PickADateViewController.swift */; };
/* End PBXBuildFile section */

/* Begin PBXFileReference section */
		A8745F2920B4B144001451AB /* input.app */ = {isa = PBXFileReference; explicitFileType = wrapper.application; includeInIndex = 0; path = input.app; sourceTree = BUILT_PRODUCTS_DIR; };
		A8745F2C20B4B144001451AB /* AppDelegate.swift */ = {isa = PBXFileReference; lastKnownFileType = sourcecode.swift; path = AppDelegate.swift; sourceTree = "<group>"; };
		A8745F3120B4B144001451AB /* Base */ = {isa = PBXFileReference; lastKnownFileType = file.storyboard; name = Base; path = Base.lproj/Main.storyboard; sourceTree = "<group>"; };
		A8745F3320B4B146001451AB /* Assets.xcassets */ = {isa = PBXFileReference; lastKnownFileType = folder.assetcatalog; path = Assets.xcassets; sourceTree = "<group>"; };
		A8745F3620B4B146001451AB /* Base */ = {isa = PBXFileReference; lastKnownFileType = file.storyboard; name = Base; path = Base.lproj/LaunchScreen.storyboard; sourceTree = "<group>"; };
		A8745F3820B4B146001451AB /* Info.plist */ = {isa = PBXFileReference; lastKnownFileType = text.plist.xml; path = Info.plist; sourceTree = "<group>"; };
		A8745F3E20B51BD6001451AB /* DailyViewController.swift */ = {isa = PBXFileReference; lastKnownFileType = sourcecode.swift; path = DailyViewController.swift; sourceTree = "<group>"; };
		A8EFEB7520B52DC7000B7EAF /* ToDoController.swift */ = {isa = PBXFileReference; lastKnownFileType = sourcecode.swift; path = ToDoController.swift; sourceTree = "<group>"; };
		A8EFEB7720B52DD4000B7EAF /* ToDo.swift */ = {isa = PBXFileReference; lastKnownFileType = sourcecode.swift; path = ToDo.swift; sourceTree = "<group>"; };
		A8EFEB7920B602C9000B7EAF /* ToDoCell.swift */ = {isa = PBXFileReference; lastKnownFileType = sourcecode.swift; path = ToDoCell.swift; sourceTree = "<group>"; };
		A8EFEB7B20B74BEA000B7EAF /* input.entitlements */ = {isa = PBXFileReference; lastKnownFileType = text.plist.entitlements; path = input.entitlements; sourceTree = "<group>"; };
		A8EFEB7D20B74BF2000B7EAF /* CloudKit.framework */ = {isa = PBXFileReference; lastKnownFileType = wrapper.framework; name = CloudKit.framework; path = System/Library/Frameworks/CloudKit.framework; sourceTree = SDKROOT; };
		A8EFEB8520B7B8BE000B7EAF /* PickADateViewController.swift */ = {isa = PBXFileReference; lastKnownFileType = sourcecode.swift; path = PickADateViewController.swift; sourceTree = "<group>"; };
/* End PBXFileReference section */

/* Begin PBXFrameworksBuildPhase section */
		A8745F2620B4B144001451AB /* Frameworks */ = {
			isa = PBXFrameworksBuildPhase;
			buildActionMask = 2147483647;
			files = (
				A8EFEB7E20B74BF2000B7EAF /* CloudKit.framework in Frameworks */,
			);
			runOnlyForDeploymentPostprocessing = 0;
		};
/* End PBXFrameworksBuildPhase section */

/* Begin PBXGroup section */
		A8745F2020B4B144001451AB = {
			isa = PBXGroup;
			children = (
				A8745F2B20B4B144001451AB /* input */,
				A8745F2A20B4B144001451AB /* Products */,
				A8EFEB7C20B74BF2000B7EAF /* Frameworks */,
			);
			sourceTree = "<group>";
		};
		A8745F2A20B4B144001451AB /* Products */ = {
			isa = PBXGroup;
			children = (
				A8745F2920B4B144001451AB /* input.app */,
			);
			name = Products;
			sourceTree = "<group>";
		};
		A8745F2B20B4B144001451AB /* input */ = {
			isa = PBXGroup;
			children = (
				A8EFEB7B20B74BEA000B7EAF /* input.entitlements */,
				A8745F2C20B4B144001451AB /* AppDelegate.swift */,
				A8745F3020B4B144001451AB /* Main.storyboard */,
				A8EFEB7520B52DC7000B7EAF /* ToDoController.swift */,
				A8EFEB7920B602C9000B7EAF /* ToDoCell.swift */,
				A8EFEB8520B7B8BE000B7EAF /* PickADateViewController.swift */,
				A8EFEB7720B52DD4000B7EAF /* ToDo.swift */,
				A8745F3E20B51BD6001451AB /* DailyViewController.swift */,
				A8745F3320B4B146001451AB /* Assets.xcassets */,
				A8745F3520B4B146001451AB /* LaunchScreen.storyboard */,
				A8745F3820B4B146001451AB /* Info.plist */,
			);
			path = input;
			sourceTree = "<group>";
		};
		A8EFEB7C20B74BF2000B7EAF /* Frameworks */ = {
			isa = PBXGroup;
			children = (
				A8EFEB7D20B74BF2000B7EAF /* CloudKit.framework */,
			);
			name = Frameworks;
			sourceTree = "<group>";
		};
/* End PBXGroup section */

/* Begin PBXNativeTarget section */
		A8745F2820B4B144001451AB /* input */ = {
			isa = PBXNativeTarget;
			buildConfigurationList = A8745F3B20B4B146001451AB /* Build configuration list for PBXNativeTarget "input" */;
			buildPhases = (
				A8745F2520B4B144001451AB /* Sources */,
				A8745F2620B4B144001451AB /* Frameworks */,
				A8745F2720B4B144001451AB /* Resources */,
			);
			buildRules = (
			);
			dependencies = (
			);
			name = input;
			productName = input;
			productReference = A8745F2920B4B144001451AB /* input.app */;
			productType = "com.apple.product-type.application";
		};
/* End PBXNativeTarget section */

/* Begin PBXProject section */
		A8745F2120B4B144001451AB /* Project object */ = {
			isa = PBXProject;
			attributes = {
				LastSwiftUpdateCheck = 0930;
				LastUpgradeCheck = 0930;
				ORGANIZATIONNAME = LightWing;
				TargetAttributes = {
					A8745F2820B4B144001451AB = {
						CreatedOnToolsVersion = 9.3.1;
						SystemCapabilities = {
							com.apple.GameCenter.iOS = {
								enabled = 0;
							};
							com.apple.InAppPurchase = {
								enabled = 0;
							};
							com.apple.Push = {
								enabled = 1;
							};
							com.apple.iCloud = {
								enabled = 1;
							};
						};
					};
				};
			};
			buildConfigurationList = A8745F2420B4B144001451AB /* Build configuration list for PBXProject "input" */;
			compatibilityVersion = "Xcode 9.3";
			developmentRegion = en;
			hasScannedForEncodings = 0;
			knownRegions = (
				en,
				Base,
			);
			mainGroup = A8745F2020B4B144001451AB;
			productRefGroup = A8745F2A20B4B144001451AB /* Products */;
			projectDirPath = "";
			projectRoot = "";
			targets = (
				A8745F2820B4B144001451AB /* input */,
			);
		};
/* End PBXProject section */

/* Begin PBXResourcesBuildPhase section */
		A8745F2720B4B144001451AB /* Resources */ = {
			isa = PBXResourcesBuildPhase;
			buildActionMask = 2147483647;
			files = (
				A8745F3720B4B146001451AB /* LaunchScreen.storyboard in Resources */,
				A8745F3420B4B146001451AB /* Assets.xcassets in Resources */,
				A8745F3220B4B144001451AB /* Main.storyboard in Resources */,
			);
			runOnlyForDeploymentPostprocessing = 0;
		};
/* End PBXResourcesBuildPhase section */

/* Begin PBXSourcesBuildPhase section */
		A8745F2520B4B144001451AB /* Sources */ = {
			isa = PBXSourcesBuildPhase;
			buildActionMask = 2147483647;
			files = (
				A8745F3F20B51BD6001451AB /* DailyViewController.swift in Sources */,
				A8EFEB8620B7B8BE000B7EAF /* PickADateViewController.swift in Sources */,
				A8745F2D20B4B144001451AB /* AppDelegate.swift in Sources */,
				A8EFEB7620B52DC7000B7EAF /* ToDoController.swift in Sources */,
				A8EFEB7820B52DD4000B7EAF /* ToDo.swift in Sources */,
				A8EFEB7A20B602C9000B7EAF /* ToDoCell.swift in Sources */,
			);
			runOnlyForDeploymentPostprocessing = 0;
		};
/* End PBXSourcesBuildPhase section */

/* Begin PBXVariantGroup section */
		A8745F3020B4B144001451AB /* Main.storyboard */ = {
			isa = PBXVariantGroup;
			children = (
				A8745F3120B4B144001451AB /* Base */,
			);
			name = Main.storyboard;
			sourceTree = "<group>";
		};
		A8745F3520B4B146001451AB /* LaunchScreen.storyboard */ = {
			isa = PBXVariantGroup;
			children = (
				A8745F3620B4B146001451AB /* Base */,
			);
			name = LaunchScreen.storyboard;
			sourceTree = "<group>";
		};
/* End PBXVariantGroup section */

/* Begin XCBuildConfiguration section */
		A8745F3920B4B146001451AB /* Debug */ = {
			isa = XCBuildConfiguration;
			buildSettings = {
				ALWAYS_SEARCH_USER_PATHS = NO;
				CLANG_ANALYZER_NONNULL = YES;
				CLANG_ANALYZER_NUMBER_OBJECT_CONVERSION = YES_AGGRESSIVE;
				CLANG_CXX_LANGUAGE_STANDARD = "gnu++14";
				CLANG_CXX_LIBRARY = "libc++";
				CLANG_ENABLE_MODULES = YES;
				CLANG_ENABLE_OBJC_ARC = YES;
				CLANG_ENABLE_OBJC_WEAK = YES;
				CLANG_WARN_BLOCK_CAPTURE_AUTORELEASING = YES;
				CLANG_WARN_BOOL_CONVERSION = YES;
				CLANG_WARN_COMMA = YES;
				CLANG_WARN_CONSTANT_CONVERSION = YES;
				CLANG_WARN_DEPRECATED_OBJC_IMPLEMENTATIONS = YES;
				CLANG_WARN_DIRECT_OBJC_ISA_USAGE = YES_ERROR;
				CLANG_WARN_DOCUMENTATION_COMMENTS = YES;
				CLANG_WARN_EMPTY_BODY = YES;
				CLANG_WARN_ENUM_CONVERSION = YES;
				CLANG_WARN_INFINITE_RECURSION = YES;
				CLANG_WARN_INT_CONVERSION = YES;
				CLANG_WARN_NON_LITERAL_NULL_CONVERSION = YES;
				CLANG_WARN_OBJC_IMPLICIT_RETAIN_SELF = YES;
				CLANG_WARN_OBJC_LITERAL_CONVERSION = YES;
				CLANG_WARN_OBJC_ROOT_CLASS = YES_ERROR;
				CLANG_WARN_RANGE_LOOP_ANALYSIS = YES;
				CLANG_WARN_STRICT_PROTOTYPES = YES;
				CLANG_WARN_SUSPICIOUS_MOVE = YES;
				CLANG_WARN_UNGUARDED_AVAILABILITY = YES_AGGRESSIVE;
				CLANG_WARN_UNREACHABLE_CODE = YES;
				CLANG_WARN__DUPLICATE_METHOD_MATCH = YES;
				CODE_SIGN_IDENTITY = "iPhone Developer";
				COPY_PHASE_STRIP = NO;
				DEBUG_INFORMATION_FORMAT = dwarf;
				ENABLE_STRICT_OBJC_MSGSEND = YES;
				ENABLE_TESTABILITY = YES;
				GCC_C_LANGUAGE_STANDARD = gnu11;
				GCC_DYNAMIC_NO_PIC = NO;
				GCC_NO_COMMON_BLOCKS = YES;
				GCC_OPTIMIZATION_LEVEL = 0;
				GCC_PREPROCESSOR_DEFINITIONS = (
					"DEBUG=1",
					"$(inherited)",
				);
				GCC_WARN_64_TO_32_BIT_CONVERSION = YES;
				GCC_WARN_ABOUT_RETURN_TYPE = YES_ERROR;
				GCC_WARN_UNDECLARED_SELECTOR = YES;
				GCC_WARN_UNINITIALIZED_AUTOS = YES_AGGRESSIVE;
				GCC_WARN_UNUSED_FUNCTION = YES;
				GCC_WARN_UNUSED_VARIABLE = YES;
				IPHONEOS_DEPLOYMENT_TARGET = 11.3;
				MTL_ENABLE_DEBUG_INFO = YES;
				ONLY_ACTIVE_ARCH = YES;
				SDKROOT = iphoneos;
				SWIFT_ACTIVE_COMPILATION_CONDITIONS = DEBUG;
				SWIFT_OPTIMIZATION_LEVEL = "-Onone";
			};
			name = Debug;
		};
		A8745F3A20B4B146001451AB /* Release */ = {
			isa = XCBuildConfiguration;
			buildSettings = {
				ALWAYS_SEARCH_USER_PATHS = NO;
				CLANG_ANALYZER_NONNULL = YES;
				CLANG_ANALYZER_NUMBER_OBJECT_CONVERSION = YES_AGGRESSIVE;
				CLANG_CXX_LANGUAGE_STANDARD = "gnu++14";
				CLANG_CXX_LIBRARY = "libc++";
				CLANG_ENABLE_MODULES = YES;
				CLANG_ENABLE_OBJC_ARC = YES;
				CLANG_ENABLE_OBJC_WEAK = YES;
				CLANG_WARN_BLOCK_CAPTURE_AUTORELEASING = YES;
				CLANG_WARN_BOOL_CONVERSION = YES;
				CLANG_WARN_COMMA = YES;
				CLANG_WARN_CONSTANT_CONVERSION = YES;
				CLANG_WARN_DEPRECATED_OBJC_IMPLEMENTATIONS = YES;
				CLANG_WARN_DIRECT_OBJC_ISA_USAGE = YES_ERROR;
				CLANG_WARN_DOCUMENTATION_COMMENTS = YES;
				CLANG_WARN_EMPTY_BODY = YES;
				CLANG_WARN_ENUM_CONVERSION = YES;
				CLANG_WARN_INFINITE_RECURSION = YES;
				CLANG_WARN_INT_CONVERSION = YES;
				CLANG_WARN_NON_LITERAL_NULL_CONVERSION = YES;
				CLANG_WARN_OBJC_IMPLICIT_RETAIN_SELF = YES;
				CLANG_WARN_OBJC_LITERAL_CONVERSION = YES;
				CLANG_WARN_OBJC_ROOT_CLASS = YES_ERROR;
				CLANG_WARN_RANGE_LOOP_ANALYSIS = YES;
				CLANG_WARN_STRICT_PROTOTYPES = YES;
				CLANG_WARN_SUSPICIOUS_MOVE = YES;
				CLANG_WARN_UNGUARDED_AVAILABILITY = YES_AGGRESSIVE;
				CLANG_WARN_UNREACHABLE_CODE = YES;
				CLANG_WARN__DUPLICATE_METHOD_MATCH = YES;
				CODE_SIGN_IDENTITY = "iPhone Developer";
				COPY_PHASE_STRIP = NO;
				DEBUG_INFORMATION_FORMAT = "dwarf-with-dsym";
				ENABLE_NS_ASSERTIONS = NO;
				ENABLE_STRICT_OBJC_MSGSEND = YES;
				GCC_C_LANGUAGE_STANDARD = gnu11;
				GCC_NO_COMMON_BLOCKS = YES;
				GCC_WARN_64_TO_32_BIT_CONVERSION = YES;
				GCC_WARN_ABOUT_RETURN_TYPE = YES_ERROR;
				GCC_WARN_UNDECLARED_SELECTOR = YES;
				GCC_WARN_UNINITIALIZED_AUTOS = YES_AGGRESSIVE;
				GCC_WARN_UNUSED_FUNCTION = YES;
				GCC_WARN_UNUSED_VARIABLE = YES;
				IPHONEOS_DEPLOYMENT_TARGET = 11.3;
				MTL_ENABLE_DEBUG_INFO = NO;
				SDKROOT = iphoneos;
				SWIFT_COMPILATION_MODE = wholemodule;
				SWIFT_OPTIMIZATION_LEVEL = "-O";
				VALIDATE_PRODUCT = YES;
			};
			name = Release;
		};
		A8745F3C20B4B146001451AB /* Debug */ = {
			isa = XCBuildConfiguration;
			buildSettings = {
				ASSETCATALOG_COMPILER_APPICON_NAME = AppIcon;
				CODE_SIGN_ENTITLEMENTS = input/input.entitlements;
				CODE_SIGN_STYLE = Automatic;
				DEVELOPMENT_TEAM = C6QDPVPNA2;
				INFOPLIST_FILE = input/Info.plist;
				IPHONEOS_DEPLOYMENT_TARGET = 10.3;
				LD_RUNPATH_SEARCH_PATHS = (
					"$(inherited)",
					"@executable_path/Frameworks",
				);
				PRODUCT_BUNDLE_IDENTIFIER = com.LightWing.input;
				PRODUCT_NAME = "$(TARGET_NAME)";
				SWIFT_VERSION = 4.0;
				TARGETED_DEVICE_FAMILY = "1,2";
			};
			name = Debug;
		};
		A8745F3D20B4B146001451AB /* Release */ = {
			isa = XCBuildConfiguration;
			buildSettings = {
				ASSETCATALOG_COMPILER_APPICON_NAME = AppIcon;
				CODE_SIGN_ENTITLEMENTS = input/input.entitlements;
				CODE_SIGN_STYLE = Automatic;
				DEVELOPMENT_TEAM = C6QDPVPNA2;
				INFOPLIST_FILE = input/Info.plist;
				IPHONEOS_DEPLOYMENT_TARGET = 10.3;
				LD_RUNPATH_SEARCH_PATHS = (
					"$(inherited)",
					"@executable_path/Frameworks",
				);
				PRODUCT_BUNDLE_IDENTIFIER = com.LightWing.input;
				PRODUCT_NAME = "$(TARGET_NAME)";
				SWIFT_VERSION = 4.0;
				TARGETED_DEVICE_FAMILY = "1,2";
			};
			name = Release;
		};
/* End XCBuildConfiguration section */

/* Begin XCConfigurationList section */
		A8745F2420B4B144001451AB /* Build configuration list for PBXProject "input" */ = {
			isa = XCConfigurationList;
			buildConfigurations = (
				A8745F3920B4B146001451AB /* Debug */,
				A8745F3A20B4B146001451AB /* Release */,
			);
			defaultConfigurationIsVisible = 0;
			defaultConfigurationName = Release;
		};
		A8745F3B20B4B146001451AB /* Build configuration list for PBXNativeTarget "input" */ = {
			isa = XCConfigurationList;
			buildConfigurations = (
				A8745F3C20B4B146001451AB /* Debug */,
				A8745F3D20B4B146001451AB /* Release */,
			);
			defaultConfigurationIsVisible = 0;
			defaultConfigurationName = Release;
		};
/* End XCConfigurationList section */
	};
	rootObject = A8745F2120B4B144001451AB /* Project object */;
}
